<?xml version="1.0" encoding="utf-8"?>
<Project ToolsVersion="4.0" xmlns="http://schemas.microsoft.com/developer/msbuild/2003">
  <ItemGroup>
    <Filter Include="shaders">
      <UniqueIdentifier>{67DA6AB6-F800-4c08-8B7A-83BB121AAD01}</UniqueIdentifier>
      <Extensions>rc;ico;cur;bmp;dlg;rc2;rct;bin;rgs;gif;jpg;jpeg;jpe;resx;tiff;tif;png;wav;mfcribbon-ms</Extensions>
    </Filter>
    <Filter Include="engine">
      <UniqueIdentifier>{4FC737F1-C7A5-4376-A066-2A32D752A2FF}</UniqueIdentifier>
      <Extensions>cpp;c;cc;cxx;c++;cppm;ixx;def;odl;idl;hpj;bat;asm;asmx</Extensions>
    </Filter>
    <Filter Include="engine\src">
      <UniqueIdentifier>{54ca613e-c1aa-4735-bb8d-1b25d6663d10}</UniqueIdentifier>
    </Filter>
    <Filter Include="engine\src\PlatForm">
      <UniqueIdentifier>{15fd420e-33c9-4ec1-8e8f-de0b914ad34b}</UniqueIdentifier>
    </Filter>
    <Filter Include="engine\src\Core">
      <UniqueIdentifier>{7dca4a4a-07d2-4986-a16f-c9a2d7484c5c}</UniqueIdentifier>
    </Filter>
    <Filter Include="engine\src\ResourceManager">
      <UniqueIdentifier>{179e86b3-031c-4ca4-b314-3b769737e789}</UniqueIdentifier>
    </Filter>
    <Filter Include="engine\src\Editor">
      <UniqueIdentifier>{b0260cde-0859-4f61-8789-ec01e207198e}</UniqueIdentifier>
    </Filter>
    <Filter Include="engine\src\GamePlay">
      <UniqueIdentifier>{09cd7443-760e-4011-801a-c23f101c3f03}</UniqueIdentifier>
    </Filter>
    <Filter Include="engine\src\GamePlay\ECS">
      <UniqueIdentifier>{825f7d9b-314d-4481-801d-f72b112fd957}</UniqueIdentifier>
    </Filter>
    <Filter Include="engine\src\GamePlay\Render">
      <UniqueIdentifier>{6cea49c1-efe9-424b-a1ef-aa1b7d0478e3}</UniqueIdentifier>
    </Filter>
    <Filter Include="thirdparty">
      <UniqueIdentifier>{d62a1257-d0ca-49eb-b549-6905c6450dfa}</UniqueIdentifier>
    </Filter>
    <Filter Include="thirdparty\imgui">
      <UniqueIdentifier>{d2d91617-6717-4c4c-a589-7d5264001ffe}</UniqueIdentifier>
    </Filter>
    <Filter Include="engine\src\PlatForm\OS">
      <UniqueIdentifier>{172c2ee6-b12a-433e-80bd-5d6e9f1e4f66}</UniqueIdentifier>
    </Filter>
    <Filter Include="engine\src\PlatForm\RHI">
      <UniqueIdentifier>{f77df061-8856-470f-b786-37656ff12458}</UniqueIdentifier>
    </Filter>
    <Filter Include="engine\src\PlatForm\RHI\OpenGL">
      <UniqueIdentifier>{b0e2ea42-e101-4c65-a1cc-e8f9e3334773}</UniqueIdentifier>
    </Filter>
    <Filter Include="engine\src\PlatForm\OS\Windows">
      <UniqueIdentifier>{d9cf7bc8-0240-4ccc-8ee6-aaccc1063b0b}</UniqueIdentifier>
    </Filter>
    <Filter Include="engine\src\PlatForm\OS\Linux">
      <UniqueIdentifier>{89687c18-9016-48db-a29e-7e3705b80132}</UniqueIdentifier>
    </Filter>
  </ItemGroup>
  <ItemGroup>
    <ClCompile Include="src\main.cpp">
      <Filter>engine\src</Filter>
    </ClCompile>
    <ClCompile Include="src\Scene.cpp">
      <Filter>engine\src</Filter>
    </ClCompile>
    <ClCompile Include="src\View.cpp">
      <Filter>engine\src</Filter>
    </ClCompile>
    <ClCompile Include="src\Application.cpp">
      <Filter>engine\src</Filter>
    </ClCompile>
    <ClCompile Include="src\Editor\ImGuiEditor.cpp">
      <Filter>engine\src\Editor</Filter>
    </ClCompile>
    <ClCompile Include="src\Core\Math.hpp">
      <Filter>engine\src\Core</Filter>
    </ClCompile>
    <ClCompile Include="src\GamePlay\ECS\AnimationSystem.cpp">
      <Filter>engine\src\GamePlay\ECS</Filter>
    </ClCompile>
    <ClCompile Include="src\GamePlay\ECS\CameraSystem.cpp">
      <Filter>engine\src\GamePlay\ECS</Filter>
    </ClCompile>
    <ClCompile Include="src\GamePlay\ECS\Components.cpp">
      <Filter>engine\src\GamePlay\ECS</Filter>
    </ClCompile>
    <ClCompile Include="src\GamePlay\ECS\JobSystem.cpp">
      <Filter>engine\src\GamePlay\ECS</Filter>
    </ClCompile>
    <ClCompile Include="src\GamePlay\ECS\MotionSystem.cpp">
      <Filter>engine\src\GamePlay\ECS</Filter>
    </ClCompile>
    <ClCompile Include="src\GamePlay\ECS\PhysicsSystem.cpp">
      <Filter>engine\src\GamePlay\ECS</Filter>
    </ClCompile>
    <ClCompile Include="src\GamePlay\ECS\System.cpp">
      <Filter>engine\src\GamePlay\ECS</Filter>
    </ClCompile>
    <ClCompile Include="src\GamePlay\ECS\MaterialSystem.cpp">
      <Filter>engine\src\GamePlay\ECS</Filter>
    </ClCompile>
    <ClCompile Include="src\GamePlay\Render\RenderPass.cpp">
      <Filter>engine\src\GamePlay\Render</Filter>
    </ClCompile>
    <ClCompile Include="src\GamePlay\Render\RenderPipeline.cpp">
      <Filter>engine\src\GamePlay\Render</Filter>
    </ClCompile>
    <ClCompile Include="src\GamePlay\ECS\World.cpp">
      <Filter>engine\src\GamePlay\ECS</Filter>
    </ClCompile>
    <ClCompile Include="src\GamePlay\Render\Pass\MainCameraPass.cpp">
      <Filter>engine\src\GamePlay\Render</Filter>
    </ClCompile>
    <ClCompile Include="src\GamePlay\Render\Pass\ScreenPass.cpp">
      <Filter>engine\src\GamePlay\Render</Filter>
    </ClCompile>
    <ClCompile Include="src\GamePlay\Render\Pass\PickingPass.cpp">
      <Filter>engine\src\GamePlay\Render</Filter>
    </ClCompile>
    <ClCompile Include="src\GamePlay\Render\Pass\ShadowPass.cpp">
      <Filter>engine\src\GamePlay\Render</Filter>
    </ClCompile>
    <ClCompile Include="src\GamePlay\Render\Pass\GBufferPass.cpp">
      <Filter>engine\src\GamePlay\Render</Filter>
    </ClCompile>
    <ClCompile Include="src\GamePlay\Render\Pass\LightingPass.cpp">
      <Filter>engine\src\GamePlay\Render</Filter>
    </ClCompile>
    <ClCompile Include="src\GamePlay\ECS\RenderSystem.cpp">
      <Filter>engine\src\GamePlay\Render</Filter>
    </ClCompile>
    <ClCompile Include="thirdparty\imgui\imgui.cpp">
      <Filter>thirdparty\imgui</Filter>
    </ClCompile>
    <ClCompile Include="thirdparty\imgui\imgui_demo.cpp">
      <Filter>thirdparty\imgui</Filter>
    </ClCompile>
    <ClCompile Include="thirdparty\imgui\imgui_draw.cpp">
      <Filter>thirdparty\imgui</Filter>
    </ClCompile>
    <ClCompile Include="thirdparty\imgui\imgui_impl_glfw.cpp">
      <Filter>thirdparty\imgui</Filter>
    </ClCompile>
    <ClCompile Include="thirdparty\imgui\imgui_impl_opengl3.cpp">
      <Filter>thirdparty\imgui</Filter>
    </ClCompile>
    <ClCompile Include="thirdparty\imgui\imgui_tables.cpp">
      <Filter>thirdparty\imgui</Filter>
    </ClCompile>
    <ClCompile Include="thirdparty\imgui\imgui_widgets.cpp">
      <Filter>thirdparty\imgui</Filter>
    </ClCompile>
    <ClCompile Include="thirdparty\imgui\ImGuizmo.cpp">
      <Filter>thirdparty\imgui</Filter>
    </ClCompile>
    <ClCompile Include="src\Core\Logger.cpp">
      <Filter>engine\src\Core</Filter>
    </ClCompile>
    <ClCompile Include="src\Platform\OS\FileDialog.cpp">
      <Filter>engine\src\PlatForm\OS</Filter>
    </ClCompile>
    <ClCompile Include="src\Platform\RHI\OpenGL\FrameBuffer.cpp">
      <Filter>engine\src\PlatForm\RHI\OpenGL</Filter>
    </ClCompile>
    <ClCompile Include="src\Platform\RHI\OpenGL\Renderer.cpp">
      <Filter>engine\src\PlatForm\RHI\OpenGL</Filter>
    </ClCompile>
    <ClCompile Include="src\Platform\RHI\OpenGL\Shader.cpp">
      <Filter>engine\src\PlatForm\RHI\OpenGL</Filter>
    </ClCompile>
    <ClCompile Include="src\ResourceManager\Mesh.cpp">
      <Filter>engine\src\ResourceManager</Filter>
    </ClCompile>
    <ClCompile Include="src\ResourceManager\Material.cpp">
      <Filter>engine\src\ResourceManager</Filter>
    </ClCompile>
    <ClCompile Include="src\ResourceManager\MyModel.cpp">
      <Filter>engine\src\ResourceManager</Filter>
    </ClCompile>
    <ClCompile Include="src\ResourceManager\Texture.cpp">
      <Filter>engine\src\ResourceManager</Filter>
    </ClCompile>
    <ClCompile Include="thirdparty\stb_image.cpp">
      <Filter>thirdparty</Filter>
    </ClCompile>
    <ClCompile Include="thirdparty\glad.c">
      <Filter>thirdparty</Filter>
    </ClCompile>
    <ClCompile Include="src\Window.cpp">
      <Filter>engine\src</Filter>
    </ClCompile>
    <ClCompile Include="src\test\test.cpp">
      <Filter>engine\src</Filter>
    </ClCompile>
    <ClCompile Include="src\Platform\OS\Windows\WindowsFileDialog.cpp">
      <Filter>engine\src\PlatForm\OS\Windows</Filter>
    </ClCompile>
  </ItemGroup>
  <ItemGroup>
    <ClInclude Include="resource\shader\light.vs">
      <Filter>shaders</Filter>
    </ClInclude>
    <ClInclude Include="src\Scene.hpp">
      <Filter>engine\src</Filter>
    </ClInclude>
    <ClInclude Include="src\View.hpp">
      <Filter>engine\src</Filter>
    </ClInclude>
    <ClInclude Include="src\Application.hpp">
      <Filter>engine\src</Filter>
    </ClInclude>
    <ClInclude Include="src\Editor\ImGuiEditor.hpp">
      <Filter>engine\src\Editor</Filter>
    </ClInclude>
    <ClInclude Include="src\Core\Memory.hpp">
      <Filter>engine\src\Core</Filter>
    </ClInclude>
    <ClInclude Include="src\GamePlay\ECS\AnimationSystem.hpp">
      <Filter>engine\src\GamePlay\ECS</Filter>
    </ClInclude>
    <ClInclude Include="src\GamePlay\ECS\CameraSystem.hpp">
      <Filter>engine\src\GamePlay\ECS</Filter>
    </ClInclude>
    <ClInclude Include="src\GamePlay\ECS\Components.hpp">
      <Filter>engine\src\GamePlay\ECS</Filter>
    </ClInclude>
    <ClInclude Include="src\GamePlay\ECS\MotionSystem.hpp">
      <Filter>engine\src\GamePlay\ECS</Filter>
    </ClInclude>
    <ClInclude Include="src\GamePlay\ECS\PhysicsSystem.hpp">
      <Filter>engine\src\GamePlay\ECS</Filter>
    </ClInclude>
    <ClInclude Include="src\GamePlay\ECS\System.hpp">
      <Filter>engine\src\GamePlay\ECS</Filter>
    </ClInclude>
    <ClInclude Include="src\GamePlay\ECS\MaterialSystem.hpp">
      <Filter>engine\src\GamePlay\ECS</Filter>
    </ClInclude>
    <ClInclude Include="src\GamePlay\Render\RenderPass.hpp">
      <Filter>engine\src\GamePlay\Render</Filter>
    </ClInclude>
    <ClInclude Include="src\GamePlay\Render\RenderPipeline.hpp">
      <Filter>engine\src\GamePlay\Render</Filter>
    </ClInclude>
    <ClInclude Include="src\GamePlay\ECS\World.hpp">
      <Filter>engine\src\GamePlay\ECS</Filter>
    </ClInclude>
    <ClInclude Include="src\GamePlay\Render\Pass\GBufferPass.hpp">
      <Filter>engine\src\GamePlay\Render</Filter>
    </ClInclude>
    <ClInclude Include="src\GamePlay\Render\Pass\LightingPass.hpp">
      <Filter>engine\src\GamePlay\Render</Filter>
    </ClInclude>
    <ClInclude Include="src\GamePlay\Render\Pass\MainCameraPass.hpp">
      <Filter>engine\src\GamePlay\Render</Filter>
    </ClInclude>
    <ClInclude Include="src\GamePlay\Render\Pass\PickingPass.hpp">
      <Filter>engine\src\GamePlay\Render</Filter>
    </ClInclude>
    <ClInclude Include="src\GamePlay\Render\Pass\ScreenPass.hpp">
      <Filter>engine\src\GamePlay\Render</Filter>
    </ClInclude>
    <ClInclude Include="src\GamePlay\Render\Pass\ShadowPass.hpp">
      <Filter>engine\src\GamePlay\Render</Filter>
    </ClInclude>
    <ClInclude Include="src\GamePlay\ECS\RenderSystem.hpp">
      <Filter>engine\src\GamePlay\Render</Filter>
    </ClInclude>
    <ClInclude Include="thirdparty\imgui\imconfig.h">
      <Filter>thirdparty\imgui</Filter>
    </ClInclude>
    <ClInclude Include="thirdparty\imgui\imgui.h">
      <Filter>thirdparty\imgui</Filter>
    </ClInclude>
    <ClInclude Include="thirdparty\imgui\imgui_impl_glfw.h">
      <Filter>thirdparty\imgui</Filter>
    </ClInclude>
    <ClInclude Include="thirdparty\imgui\imgui_impl_opengl3.h">
      <Filter>thirdparty\imgui</Filter>
    </ClInclude>
    <ClInclude Include="thirdparty\imgui\imgui_impl_opengl3_loader.h">
      <Filter>thirdparty\imgui</Filter>
    </ClInclude>
    <ClInclude Include="thirdparty\imgui\imgui_internal.h">
      <Filter>thirdparty\imgui</Filter>
    </ClInclude>
    <ClInclude Include="thirdparty\imgui\ImGuizmo.h">
      <Filter>thirdparty\imgui</Filter>
    </ClInclude>
    <ClInclude Include="thirdparty\imgui\imstb_rectpack.h">
      <Filter>thirdparty\imgui</Filter>
    </ClInclude>
    <ClInclude Include="thirdparty\imgui\imstb_textedit.h">
      <Filter>thirdparty\imgui</Filter>
    </ClInclude>
    <ClInclude Include="thirdparty\imgui\imstb_truetype.h">
      <Filter>thirdparty\imgui</Filter>
    </ClInclude>
    <ClInclude Include="src\Core\Logger.hpp">
      <Filter>engine\src\Core</Filter>
    </ClInclude>
    <ClInclude Include="src\Platform\OS\FileDialog.hpp">
      <Filter>engine\src\PlatForm\OS</Filter>
    </ClInclude>
    <ClInclude Include="src\Platform\RHI\rhi.hpp">
      <Filter>engine\src\PlatForm\RHI</Filter>
    </ClInclude>
    <ClInclude Include="src\Platform\RHI\Vulkan\rhi_vulkan.hpp">
      <Filter>engine\src\PlatForm\RHI</Filter>
    </ClInclude>
    <ClInclude Include="src\Platform\RHI\OpenGL\FrameBuffer.hpp">
      <Filter>engine\src\PlatForm\RHI\OpenGL</Filter>
    </ClInclude>
    <ClInclude Include="src\Platform\RHI\OpenGL\Shader.hpp">
      <Filter>engine\src\PlatForm\RHI\OpenGL</Filter>
    </ClInclude>
    <ClInclude Include="src\Platform\RHI\OpenGL\Renderer.hpp">
      <Filter>engine\src\PlatForm\RHI\OpenGL</Filter>
    </ClInclude>
    <ClInclude Include="src\Platform\RHI\OpenGL\rhi_opengl.hpp">
      <Filter>engine\src\PlatForm\RHI\OpenGL</Filter>
    </ClInclude>
    <ClInclude Include="src\ResourceManager\Mesh.hpp">
      <Filter>engine\src\ResourceManager</Filter>
    </ClInclude>
    <ClInclude Include="src\ResourceManager\Material.hpp">
      <Filter>engine\src\ResourceManager</Filter>
    </ClInclude>
    <ClInclude Include="src\ResourceManager\MyModel.hpp">
      <Filter>engine\src\ResourceManager</Filter>
    </ClInclude>
    <ClInclude Include="src\ResourceManager\Texture.hpp">
      <Filter>engine\src\ResourceManager</Filter>
    </ClInclude>
    <ClInclude Include="thirdparty\stb_image.h">
      <Filter>thirdparty</Filter>
    </ClInclude>
    <ClInclude Include="src\Window.hpp">
      <Filter>engine\src</Filter>
    </ClInclude>
    <ClInclude Include="src\GamePlay\ECS\JobSystem.hpp">
      <Filter>engine\src\GamePlay\ECS</Filter>
    </ClInclude>
    <ClInclude Include="src\Platform\OS\Windows\WindowsFileDialog.hpp">
      <Filter>engine\src\PlatForm\OS\Windows</Filter>
    </ClInclude>
  </ItemGroup>
  <ItemGroup>
    <None Include="resource\shader\light.fs">
      <Filter>shaders</Filter>
    </None>
    <None Include="resource\shader\model.fs">
      <Filter>shaders</Filter>
    </None>
    <None Include="resource\shader\model.vs">
      <Filter>shaders</Filter>
    </None>
    <None Include="resource\shader\border.fs">
      <Filter>shaders</Filter>
    </None>
    <None Include="resource\shader\border.vs">
      <Filter>shaders</Filter>
    </None>
    <None Include="resource\shader\frame.fs">
      <Filter>shaders</Filter>
    </None>
    <None Include="resource\shader\frame.vs">
      <Filter>shaders</Filter>
    </None>
    <None Include="resource\shader\model.gs">
      <Filter>shaders</Filter>
    </None>
    <None Include="resource\shader\normal.gs">
      <Filter>shaders</Filter>
    </None>
    <None Include="resource\shader\depth.fs">
      <Filter>shaders</Filter>
    </None>
    <None Include="resource\shader\depth.vs">
      <Filter>shaders</Filter>
    </None>
    <None Include="resource\shader\normal.fs">
      <Filter>shaders</Filter>
    </None>
    <None Include="resource\shader\picking.fs">
      <Filter>shaders</Filter>
    </None>
    <None Include="resource\shader\picking.vs">
      <Filter>shaders</Filter>
    </None>
    <None Include="resource\shader\skybox.fs">
      <Filter>shaders</Filter>
    </None>
    <None Include="resource\shader\skybox.vs">
      <Filter>shaders</Filter>
    </None>
    <None Include="resource\shader\wireframe.fs">
      <Filter>shaders</Filter>
    </None>
    <None Include="resource\shader\wireframe.gs">
      <Filter>shaders</Filter>
    </None>
    <None Include="resource\shader\lightingPass.vs">
      <Filter>shaders</Filter>
    </None>
    <None Include="resource\shader\lightingPass.fs">
      <Filter>shaders</Filter>
    </None>
    <None Include="resource\shader\gBufferPass.fs">
      <Filter>shaders</Filter>
    </None>
    <None Include="resource\shader\gBufferPass.vs">
      <Filter>shaders</Filter>
    </None>
    <None Include="src\Platform\OS\Linux\linux.placeholder">
      <Filter>engine\src\PlatForm\OS\Linux</Filter>
    </None>
  </ItemGroup>
</Project>