<?xml version="1.0" encoding="utf-8"?>
<Project ToolsVersion="4.0" xmlns="http://schemas.microsoft.com/developer/msbuild/2003">
  <ItemGroup>
    <Filter Include="shaders">
      <UniqueIdentifier>{67DA6AB6-F800-4c08-8B7A-83BB121AAD01}</UniqueIdentifier>
      <Extensions>rc;ico;cur;bmp;dlg;rc2;rct;bin;rgs;gif;jpg;jpeg;jpe;resx;tiff;tif;png;wav;mfcribbon-ms</Extensions>
    </Filter>
    <Filter Include="engine">
      <UniqueIdentifier>{4FC737F1-C7A5-4376-A066-2A32D752A2FF}</UniqueIdentifier>
      <Extensions>cpp;c;cc;cxx;c++;cppm;ixx;def;odl;idl;hpj;bat;asm;asmx</Extensions>
    </Filter>
    <Filter Include="engine\src">
      <UniqueIdentifier>{54ca613e-c1aa-4735-bb8d-1b25d6663d10}</UniqueIdentifier>
    </Filter>
    <Filter Include="engine\src\PlatForm">
      <UniqueIdentifier>{15fd420e-33c9-4ec1-8e8f-de0b914ad34b}</UniqueIdentifier>
    </Filter>
    <Filter Include="engine\src\Core">
      <UniqueIdentifier>{7dca4a4a-07d2-4986-a16f-c9a2d7484c5c}</UniqueIdentifier>
    </Filter>
    <Filter Include="engine\src\ResourceManager">
      <UniqueIdentifier>{179e86b3-031c-4ca4-b314-3b769737e789}</UniqueIdentifier>
    </Filter>
    <Filter Include="engine\src\Editor">
      <UniqueIdentifier>{b0260cde-0859-4f61-8789-ec01e207198e}</UniqueIdentifier>
    </Filter>
    <Filter Include="engine\src\GamePlay">
      <UniqueIdentifier>{09cd7443-760e-4011-801a-c23f101c3f03}</UniqueIdentifier>
    </Filter>
    <Filter Include="engine\src\GamePlay\ECS">
      <UniqueIdentifier>{825f7d9b-314d-4481-801d-f72b112fd957}</UniqueIdentifier>
    </Filter>
    <Filter Include="engine\src\GamePlay\Render">
      <UniqueIdentifier>{6cea49c1-efe9-424b-a1ef-aa1b7d0478e3}</UniqueIdentifier>
    </Filter>
    <Filter Include="engine\imgui">
      <UniqueIdentifier>{d2d91617-6717-4c4c-a589-7d5264001ffe}</UniqueIdentifier>
    </Filter>
  </ItemGroup>
  <ItemGroup>
    <ClCompile Include="src\main.cpp">
      <Filter>engine\src</Filter>
    </ClCompile>
    <ClCompile Include="src\View.cpp">
      <Filter>engine\src</Filter>
    </ClCompile>
    <ClCompile Include="src\Application.cpp">
      <Filter>engine\src</Filter>
    </ClCompile>
    <ClCompile Include="src\Editor\ImGuiEditor.cpp">
      <Filter>engine\src\Editor</Filter>
    </ClCompile>
    <ClCompile Include="src\Core\Math.hpp">
      <Filter>engine\src\Core</Filter>
    </ClCompile>
    <ClCompile Include="src\GamePlay\Render\RenderPipeline.cpp">
      <Filter>engine\src\GamePlay\Render</Filter>
    </ClCompile>
    <ClCompile Include="src\Core\Logger.cpp">
      <Filter>engine</Filter>
    </ClCompile>
    <ClCompile Include="src\ResourceManager\Material.cpp">
      <Filter>engine</Filter>
    </ClCompile>
    <ClCompile Include="src\ResourceManager\Mesh.cpp">
      <Filter>engine</Filter>
    </ClCompile>
    <ClCompile Include="src\ResourceManager\MyModel.cpp">
      <Filter>engine</Filter>
    </ClCompile>
    <ClCompile Include="src\Platform\RHI\OpenGL\FrameBuffer.cpp">
      <Filter>engine</Filter>
    </ClCompile>
    <ClCompile Include="src\Platform\RHI\OpenGL\Renderer.cpp">
      <Filter>engine</Filter>
    </ClCompile>
    <ClCompile Include="src\test\test.cpp">
      <Filter>engine</Filter>
    </ClCompile>
    <ClCompile Include="src\ResourceManager\Texture.cpp">
      <Filter>engine</Filter>
    </ClCompile>
    <ClCompile Include="src\Window.cpp">
      <Filter>engine</Filter>
    </ClCompile>
    <ClCompile Include="src\Platform\OS\Windows\WindowsFileDialog.cpp">
      <Filter>engine</Filter>
    </ClCompile>
    <ClCompile Include="thirdparty\imgui\imgui.cpp">
      <Filter>engine</Filter>
    </ClCompile>
    <ClCompile Include="thirdparty\imgui\imgui_demo.cpp">
      <Filter>engine</Filter>
    </ClCompile>
    <ClCompile Include="thirdparty\imgui\imgui_draw.cpp">
      <Filter>engine</Filter>
    </ClCompile>
    <ClCompile Include="thirdparty\imgui\imgui_impl_glfw.cpp">
      <Filter>engine</Filter>
    </ClCompile>
    <ClCompile Include="thirdparty\imgui\imgui_impl_opengl3.cpp">
      <Filter>engine</Filter>
    </ClCompile>
    <ClCompile Include="thirdparty\imgui\imgui_tables.cpp">
      <Filter>engine</Filter>
    </ClCompile>
    <ClCompile Include="thirdparty\imgui\imgui_widgets.cpp">
      <Filter>engine</Filter>
    </ClCompile>
    <ClCompile Include="thirdparty\imgui\ImGuizmo.cpp">
      <Filter>engine</Filter>
    </ClCompile>
    <ClCompile Include="thirdparty\glad.c">
      <Filter>engine</Filter>
    </ClCompile>
    <ClCompile Include="thirdparty\stb_image.cpp">
      <Filter>engine</Filter>
    </ClCompile>
    <ClCompile Include="src\Platform\OS\FileDialog.cpp">
      <Filter>engine</Filter>
    </ClCompile>
    <ClCompile Include="src\GamePlay\Framework\ECS\AnimationSystem.cpp">
      <Filter>engine</Filter>
    </ClCompile>
    <ClCompile Include="src\GamePlay\Framework\ECS\CameraSystem.cpp">
      <Filter>engine</Filter>
    </ClCompile>
    <ClCompile Include="src\GamePlay\Framework\ECS\Components.cpp">
      <Filter>engine</Filter>
    </ClCompile>
    <ClCompile Include="src\GamePlay\Framework\ECS\MaterialSystem.cpp">
      <Filter>engine</Filter>
    </ClCompile>
    <ClCompile Include="src\GamePlay\Framework\ECS\MotionSystem.cpp">
      <Filter>engine</Filter>
    </ClCompile>
    <ClCompile Include="src\GamePlay\Framework\ECS\PhysicsSystem.cpp">
      <Filter>engine</Filter>
    </ClCompile>
    <ClCompile Include="src\GamePlay\Input\InputSystem.cpp">
      <Filter>engine</Filter>
    </ClCompile>
    <ClCompile Include="src\GamePlay\Render\RenderSystem.cpp">
      <Filter>engine</Filter>
    </ClCompile>
    <ClCompile Include="src\GamePlay\Framework\ECS\JobSystem.cpp">
      <Filter>engine</Filter>
    </ClCompile>
    <ClCompile Include="src\GamePlay\Render\Pass\GBufferPass.cpp">
      <Filter>engine</Filter>
    </ClCompile>
    <ClCompile Include="src\GamePlay\Render\Pass\LightingPass.cpp">
      <Filter>engine</Filter>
    </ClCompile>
    <ClCompile Include="src\GamePlay\Render\Pass\MainCameraPass.cpp">
      <Filter>engine</Filter>
    </ClCompile>
    <ClCompile Include="src\GamePlay\Render\Pass\PickingPass.cpp">
      <Filter>engine</Filter>
    </ClCompile>
    <ClCompile Include="src\GamePlay\Render\Pass\ScreenPass.cpp">
      <Filter>engine</Filter>
    </ClCompile>
    <ClCompile Include="src\GamePlay\Render\Pass\ShadowPass.cpp">
      <Filter>engine</Filter>
    </ClCompile>
    <ClCompile Include="src\ResourceManager\Shader.cpp">
      <Filter>engine</Filter>
    </ClCompile>
    <ClCompile Include="src\GamePlay\Framework\SceneHierarchy.cpp">
      <Filter>engine</Filter>
    </ClCompile>
    <ClCompile Include="src\GamePlay\Framework\ECS\World.cpp">
      <Filter>engine</Filter>
    </ClCompile>
    <ClCompile Include="src\GamePlay\RayTracing\RayCast.cpp">
      <Filter>engine</Filter>
    </ClCompile>
    <ClCompile Include="src\GamePlay\RayTracing\Hittable.cpp">
      <Filter>engine</Filter>
    </ClCompile>
  </ItemGroup>
  <ItemGroup>
    <ClInclude Include="resource\shader\light.vs">
      <Filter>shaders</Filter>
    </ClInclude>
    <ClInclude Include="src\View.hpp">
      <Filter>engine\src</Filter>
    </ClInclude>
    <ClInclude Include="src\Application.hpp">
      <Filter>engine\src</Filter>
    </ClInclude>
    <ClInclude Include="src\Editor\ImGuiEditor.hpp">
      <Filter>engine\src\Editor</Filter>
    </ClInclude>
    <ClInclude Include="src\Core\Memory.hpp">
      <Filter>engine\src\Core</Filter>
    </ClInclude>
    <ClInclude Include="src\Platform\RHI\OpenGL\rhi_opengl.hpp">
      <Filter>engine\src\PlatForm</Filter>
    </ClInclude>
    <ClInclude Include="src\GamePlay\Render\RenderPass.hpp">
      <Filter>engine\src\GamePlay\Render</Filter>
    </ClInclude>
    <ClInclude Include="src\GamePlay\Render\RenderPipeline.hpp">
      <Filter>engine\src\GamePlay\Render</Filter>
    </ClInclude>
    <ClInclude Include="src\Core\Logger.hpp" />
    <ClInclude Include="src\ResourceManager\Material.hpp" />
    <ClInclude Include="src\ResourceManager\Mesh.hpp" />
    <ClInclude Include="src\ResourceManager\MyModel.hpp" />
    <ClInclude Include="src\Platform\RHI\OpenGL\FrameBuffer.hpp" />
    <ClInclude Include="src\Platform\RHI\OpenGL\Renderer.hpp" />
    <ClInclude Include="src\Platform\RHI\rhi.hpp" />
    <ClInclude Include="src\ResourceManager\Texture.hpp" />
    <ClInclude Include="src\Window.hpp" />
    <ClInclude Include="src\Platform\OS\Windows\WindowsFileDialog.hpp" />
    <ClInclude Include="src\Platform\RHI\Vulkan\rhi_vulkan.hpp" />
    <ClInclude Include="thirdparty\imgui\imconfig.h" />
    <ClInclude Include="thirdparty\imgui\imgui.h" />
    <ClInclude Include="thirdparty\imgui\imgui_impl_glfw.h" />
    <ClInclude Include="thirdparty\imgui\imgui_impl_opengl3.h" />
    <ClInclude Include="thirdparty\imgui\imgui_impl_opengl3_loader.h" />
    <ClInclude Include="thirdparty\imgui\imgui_internal.h" />
    <ClInclude Include="thirdparty\imgui\ImGuizmo.h" />
    <ClInclude Include="thirdparty\imgui\imstb_rectpack.h" />
    <ClInclude Include="thirdparty\imgui\imstb_textedit.h" />
    <ClInclude Include="thirdparty\imgui\imstb_truetype.h" />
    <ClInclude Include="thirdparty\stb_image.h" />
    <ClInclude Include="src\Platform\OS\FileDialog.hpp" />
    <ClInclude Include="src\GamePlay\Framework\ECS\AnimationSystem.hpp" />
    <ClInclude Include="src\GamePlay\Framework\ECS\Components.hpp" />
    <ClInclude Include="src\GamePlay\Framework\ECS\CameraSystem.hpp" />
    <ClInclude Include="src\GamePlay\Framework\ECS\JobSystem.hpp" />
    <ClInclude Include="src\GamePlay\Framework\ECS\MaterialSystem.hpp" />
    <ClInclude Include="src\GamePlay\Framework\ECS\MotionSystem.hpp" />
    <ClInclude Include="src\GamePlay\Framework\ECS\PhysicsSystem.hpp" />
    <ClInclude Include="src\GamePlay\Input\InputSystem.hpp" />
    <ClInclude Include="src\GamePlay\Render\RenderSystem.hpp" />
    <ClInclude Include="src\GamePlay\Render\Pass\GBufferPass.hpp" />
    <ClInclude Include="src\GamePlay\Render\Pass\LightingPass.hpp" />
    <ClInclude Include="src\GamePlay\Render\Pass\MainCameraPass.hpp" />
    <ClInclude Include="src\GamePlay\Render\Pass\PickingPass.hpp" />
    <ClInclude Include="src\GamePlay\Render\Pass\ScreenPass.hpp" />
    <ClInclude Include="src\GamePlay\Render\Pass\ShadowPass.hpp" />
    <ClInclude Include="src\ResourceManager\Shader.hpp" />
    <ClInclude Include="src\GamePlay\Framework\SceneHierarchy.hpp" />
    <ClInclude Include="src\GamePlay\Framework\ECS\World.hpp" />
    <ClInclude Include="src\GamePlay\RayTracing\RayCast.hpp" />
    <ClInclude Include="src\GamePlay\RayTracing\Hittable.hpp" />
    <ClInclude Include="src\Core\Color.hpp" />
    <ClInclude Include="src\Core\Point.hpp" />
    <ClInclude Include="src\Core\Vector.hpp" />
    <ClInclude Include="src\GamePlay\RayTracing\Eye.hpp" />
    <ClInclude Include="src\GamePlay\RayTracing\Material.hpp" />
  </ItemGroup>
  <ItemGroup>
    <None Include="resource\shader\light.fs">
      <Filter>shaders</Filter>
    </None>
    <None Include="resource\shader\model.fs">
      <Filter>shaders</Filter>
    </None>
    <None Include="resource\shader\model.vs">
      <Filter>shaders</Filter>
    </None>
    <None Include="resource\shader\border.fs">
      <Filter>shaders</Filter>
    </None>
    <None Include="resource\shader\border.vs">
      <Filter>shaders</Filter>
    </None>
    <None Include="resource\shader\frame.fs">
      <Filter>shaders</Filter>
    </None>
    <None Include="resource\shader\frame.vs">
      <Filter>shaders</Filter>
    </None>
    <None Include="resource\shader\model.gs">
      <Filter>shaders</Filter>
    </None>
    <None Include="resource\shader\normal.gs">
      <Filter>shaders</Filter>
    </None>
    <None Include="resource\shader\depth.fs">
      <Filter>shaders</Filter>
    </None>
    <None Include="resource\shader\depth.vs">
      <Filter>shaders</Filter>
    </None>
    <None Include="resource\shader\normal.fs">
      <Filter>shaders</Filter>
    </None>
    <None Include="resource\shader\picking.fs">
      <Filter>shaders</Filter>
    </None>
    <None Include="resource\shader\picking.vs">
      <Filter>shaders</Filter>
    </None>
    <None Include="resource\shader\skybox.fs">
      <Filter>shaders</Filter>
    </None>
    <None Include="resource\shader\skybox.vs">
      <Filter>shaders</Filter>
    </None>
    <None Include="resource\shader\wireframe.fs" />
    <None Include="resource\shader\wireframe.gs" />
    <None Include="resource\shader\gBufferPass.fs" />
    <None Include="resource\shader\gBufferPass.vs" />
    <None Include="resource\shader\lightingPass.fs" />
    <None Include="resource\shader\lightingPass.vs" />
    <None Include="src\Platform\OS\Linux\linux.placeholder" />
  </ItemGroup>
</Project>